// !$*UTF8*$!
{
	archiveVersion = 1;
	classes = {
	};
	objectVersion = 55;
	objects = {

/* Begin PBXBuildFile section */
		4EC920F028D35C0800978F09 /* AppDelegate.swift in Sources */ = {isa = PBXBuildFile; fileRef = 4EC920EB28D35C0700978F09 /* AppDelegate.swift */; };
		4EC920F128D35C0800978F09 /* SceneDelegate.swift in Sources */ = {isa = PBXBuildFile; fileRef = 4EC920EC28D35C0700978F09 /* SceneDelegate.swift */; };
		4EC920F228D35C0800978F09 /* ViewController.swift in Sources */ = {isa = PBXBuildFile; fileRef = 4EC920EE28D35C0700978F09 /* ViewController.swift */; };
		4EE17C0C28CA589100F3DE0B /* GlueUpTests.swift in Sources */ = {isa = PBXBuildFile; fileRef = 4EE17C0B28CA589100F3DE0B /* GlueUpTests.swift */; };
		4EE17C2D28CA732300F3DE0B /* GlueUp.xcdatamodeld in Sources */ = {isa = PBXBuildFile; fileRef = 4EE17C2528CA732300F3DE0B /* GlueUp.xcdatamodeld */; };
		4EE17C2E28CA732300F3DE0B /* Assets.xcassets in Resources */ = {isa = PBXBuildFile; fileRef = 4EE17C2728CA732300F3DE0B /* Assets.xcassets */; };
		4EE17C2F28CA732300F3DE0B /* LaunchScreen.storyboard in Resources */ = {isa = PBXBuildFile; fileRef = 4EE17C2828CA732300F3DE0B /* LaunchScreen.storyboard */; };
		4EE17C3028CA732300F3DE0B /* Main.storyboard in Resources */ = {isa = PBXBuildFile; fileRef = 4EE17C2A28CA732300F3DE0B /* Main.storyboard */; };
/* End PBXBuildFile section */

/* Begin PBXContainerItemProxy section */
		4EE17C0828CA589100F3DE0B /* PBXContainerItemProxy */ = {
			isa = PBXContainerItemProxy;
			containerPortal = 4EE17BE628CA589000F3DE0B /* Project object */;
			proxyType = 1;
			remoteGlobalIDString = 4EE17BED28CA589000F3DE0B;
			remoteInfo = GlueUp;
		};
/* End PBXContainerItemProxy section */

/* Begin PBXFileReference section */
		4EC920EB28D35C0700978F09 /* AppDelegate.swift */ = {isa = PBXFileReference; fileEncoding = 4; lastKnownFileType = sourcecode.swift; path = AppDelegate.swift; sourceTree = "<group>"; };
		4EC920EC28D35C0700978F09 /* SceneDelegate.swift */ = {isa = PBXFileReference; fileEncoding = 4; lastKnownFileType = sourcecode.swift; path = SceneDelegate.swift; sourceTree = "<group>"; };
		4EC920EE28D35C0700978F09 /* ViewController.swift */ = {isa = PBXFileReference; fileEncoding = 4; lastKnownFileType = sourcecode.swift; path = ViewController.swift; sourceTree = "<group>"; };
		4EE17BEE28CA589000F3DE0B /* GlueUp.app */ = {isa = PBXFileReference; explicitFileType = wrapper.application; includeInIndex = 0; path = GlueUp.app; sourceTree = BUILT_PRODUCTS_DIR; };
		4EE17C0728CA589100F3DE0B /* GlueUpTests.xctest */ = {isa = PBXFileReference; explicitFileType = wrapper.cfbundle; includeInIndex = 0; path = GlueUpTests.xctest; sourceTree = BUILT_PRODUCTS_DIR; };
		4EE17C0B28CA589100F3DE0B /* GlueUpTests.swift */ = {isa = PBXFileReference; lastKnownFileType = sourcecode.swift; path = GlueUpTests.swift; sourceTree = "<group>"; };
		4EE17C2628CA732300F3DE0B /* GlueUp.xcdatamodel */ = {isa = PBXFileReference; lastKnownFileType = wrapper.xcdatamodel; path = GlueUp.xcdatamodel; sourceTree = "<group>"; };
		4EE17C2728CA732300F3DE0B /* Assets.xcassets */ = {isa = PBXFileReference; lastKnownFileType = folder.assetcatalog; path = Assets.xcassets; sourceTree = "<group>"; };
		4EE17C2928CA732300F3DE0B /* Base */ = {isa = PBXFileReference; lastKnownFileType = file.storyboard; name = Base; path = Base.lproj/LaunchScreen.storyboard; sourceTree = "<group>"; };
		4EE17C2B28CA732300F3DE0B /* Base */ = {isa = PBXFileReference; lastKnownFileType = file.storyboard; name = Base; path = Base.lproj/Main.storyboard; sourceTree = "<group>"; };
		4EE17C2C28CA732300F3DE0B /* Info.plist */ = {isa = PBXFileReference; fileEncoding = 4; lastKnownFileType = text.plist.xml; path = Info.plist; sourceTree = "<group>"; };
/* End PBXFileReference section */

/* Begin PBXFrameworksBuildPhase section */
		4EE17BEB28CA589000F3DE0B /* Frameworks */ = {
			isa = PBXFrameworksBuildPhase;
			buildActionMask = 2147483647;
			files = (
			);
			runOnlyForDeploymentPostprocessing = 0;
		};
		4EE17C0428CA589100F3DE0B /* Frameworks */ = {
			isa = PBXFrameworksBuildPhase;
			buildActionMask = 2147483647;
			files = (
			);
			runOnlyForDeploymentPostprocessing = 0;
		};
/* End PBXFrameworksBuildPhase section */

/* Begin PBXGroup section */
		4EC920EA28D35C0700978F09 /* App */ = {
			isa = PBXGroup;
			children = (
				4EC920EB28D35C0700978F09 /* AppDelegate.swift */,
				4EC920EC28D35C0700978F09 /* SceneDelegate.swift */,
			);
			path = App;
			sourceTree = "<group>";
		};
		4EC920ED28D35C0700978F09 /* UI */ = {
			isa = PBXGroup;
			children = (
				4EC920EE28D35C0700978F09 /* ViewController.swift */,
			);
			path = UI;
			sourceTree = "<group>";
		};
		4EC920EF28D35C0700978F09 /* Model */ = {
			isa = PBXGroup;
			children = (
			);
			path = Model;
			sourceTree = "<group>";
		};
		4EE17BE528CA589000F3DE0B = {
			isa = PBXGroup;
			children = (
				4EE17BF028CA589000F3DE0B /* GlueUp */,
				4EE17C0A28CA589100F3DE0B /* GlueUpTests */,
				4EE17BEF28CA589000F3DE0B /* Products */,
			);
			sourceTree = "<group>";
		};
		4EE17BEF28CA589000F3DE0B /* Products */ = {
			isa = PBXGroup;
			children = (
				4EE17BEE28CA589000F3DE0B /* GlueUp.app */,
				4EE17C0728CA589100F3DE0B /* GlueUpTests.xctest */,
			);
			name = Products;
			sourceTree = "<group>";
		};
		4EE17BF028CA589000F3DE0B /* GlueUp */ = {
			isa = PBXGroup;
			children = (
				4EC920EA28D35C0700978F09 /* App */,
				4EC920EF28D35C0700978F09 /* Model */,
				4EC920ED28D35C0700978F09 /* UI */,
				4EE17C2428CA732300F3DE0B /* Supporting Files */,
			);
			path = GlueUp;
			sourceTree = "<group>";
		};
		4EE17C0A28CA589100F3DE0B /* GlueUpTests */ = {
			isa = PBXGroup;
			children = (
				4EE17C0B28CA589100F3DE0B /* GlueUpTests.swift */,
			);
			path = GlueUpTests;
			sourceTree = "<group>";
		};
		4EE17C2428CA732300F3DE0B /* Supporting Files */ = {
			isa = PBXGroup;
			children = (
				4EE17C2528CA732300F3DE0B /* GlueUp.xcdatamodeld */,
				4EE17C2728CA732300F3DE0B /* Assets.xcassets */,
				4EE17C2828CA732300F3DE0B /* LaunchScreen.storyboard */,
				4EE17C2A28CA732300F3DE0B /* Main.storyboard */,
				4EE17C2C28CA732300F3DE0B /* Info.plist */,
			);
			path = "Supporting Files";
			sourceTree = "<group>";
		};
/* End PBXGroup section */

/* Begin PBXNativeTarget section */
		4EE17BED28CA589000F3DE0B /* GlueUp */ = {
			isa = PBXNativeTarget;
			buildConfigurationList = 4EE17C1B28CA589100F3DE0B /* Build configuration list for PBXNativeTarget "GlueUp" */;
			buildPhases = (
				4EE17BEA28CA589000F3DE0B /* Sources */,
				4EE17BEB28CA589000F3DE0B /* Frameworks */,
				4EE17BEC28CA589000F3DE0B /* Resources */,
			);
			buildRules = (
			);
			dependencies = (
			);
			name = GlueUp;
			productName = GlueUp;
			productReference = 4EE17BEE28CA589000F3DE0B /* GlueUp.app */;
			productType = "com.apple.product-type.application";
		};
		4EE17C0628CA589100F3DE0B /* GlueUpTests */ = {
			isa = PBXNativeTarget;
			buildConfigurationList = 4EE17C1E28CA589100F3DE0B /* Build configuration list for PBXNativeTarget "GlueUpTests" */;
			buildPhases = (
				4EE17C0328CA589100F3DE0B /* Sources */,
				4EE17C0428CA589100F3DE0B /* Frameworks */,
				4EE17C0528CA589100F3DE0B /* Resources */,
			);
			buildRules = (
			);
			dependencies = (
				4EE17C0928CA589100F3DE0B /* PBXTargetDependency */,
			);
			name = GlueUpTests;
			productName = GlueUpTests;
			productReference = 4EE17C0728CA589100F3DE0B /* GlueUpTests.xctest */;
			productType = "com.apple.product-type.bundle.unit-test";
		};
/* End PBXNativeTarget section */

/* Begin PBXProject section */
		4EE17BE628CA589000F3DE0B /* Project object */ = {
			isa = PBXProject;
			attributes = {
				BuildIndependentTargetsInParallel = 1;
				LastSwiftUpdateCheck = 1330;
				LastUpgradeCheck = 1330;
				TargetAttributes = {
					4EE17BED28CA589000F3DE0B = {
						CreatedOnToolsVersion = 13.3.1;
					};
					4EE17C0628CA589100F3DE0B = {
						CreatedOnToolsVersion = 13.3.1;
						TestTargetID = 4EE17BED28CA589000F3DE0B;
					};
				};
			};
			buildConfigurationList = 4EE17BE928CA589000F3DE0B /* Build configuration list for PBXProject "GlueUp" */;
			compatibilityVersion = "Xcode 13.0";
			developmentRegion = en;
			hasScannedForEncodings = 0;
			knownRegions = (
				en,
				Base,
			);
			mainGroup = 4EE17BE528CA589000F3DE0B;
			productRefGroup = 4EE17BEF28CA589000F3DE0B /* Products */;
			projectDirPath = "";
			projectRoot = "";
			targets = (
				4EE17BED28CA589000F3DE0B /* GlueUp */,
				4EE17C0628CA589100F3DE0B /* GlueUpTests */,
			);
		};
/* End PBXProject section */

/* Begin PBXResourcesBuildPhase section */
		4EE17BEC28CA589000F3DE0B /* Resources */ = {
			isa = PBXResourcesBuildPhase;
			buildActionMask = 2147483647;
			files = (
				4EE17C2F28CA732300F3DE0B /* LaunchScreen.storyboard in Resources */,
				4EE17C2E28CA732300F3DE0B /* Assets.xcassets in Resources */,
				4EE17C3028CA732300F3DE0B /* Main.storyboard in Resources */,
			);
			runOnlyForDeploymentPostprocessing = 0;
		};
		4EE17C0528CA589100F3DE0B /* Resources */ = {
			isa = PBXResourcesBuildPhase;
			buildActionMask = 2147483647;
			files = (
			);
			runOnlyForDeploymentPostprocessing = 0;
		};
/* End PBXResourcesBuildPhase section */

/* Begin PBXSourcesBuildPhase section */
		4EE17BEA28CA589000F3DE0B /* Sources */ = {
			isa = PBXSourcesBuildPhase;
			buildActionMask = 2147483647;
			files = (
				4EC920F028D35C0800978F09 /* AppDelegate.swift in Sources */,
				4EE17C2D28CA732300F3DE0B /* GlueUp.xcdatamodeld in Sources */,
				4EC920F228D35C0800978F09 /* ViewController.swift in Sources */,
				4EC920F128D35C0800978F09 /* SceneDelegate.swift in Sources */,
			);
			runOnlyForDeploymentPostprocessing = 0;
		};
		4EE17C0328CA589100F3DE0B /* Sources */ = {
			isa = PBXSourcesBuildPhase;
			buildActionMask = 2147483647;
			files = (
				4EE17C0C28CA589100F3DE0B /* GlueUpTests.swift in Sources */,
			);
			runOnlyForDeploymentPostprocessing = 0;
		};
/* End PBXSourcesBuildPhase section */

/* Begin PBXTargetDependency section */
		4EE17C0928CA589100F3DE0B /* PBXTargetDependency */ = {
			isa = PBXTargetDependency;
			target = 4EE17BED28CA589000F3DE0B /* GlueUp */;
			targetProxy = 4EE17C0828CA589100F3DE0B /* PBXContainerItemProxy */;
		};
/* End PBXTargetDependency section */

/* Begin PBXVariantGroup section */
		4EE17C2828CA732300F3DE0B /* LaunchScreen.storyboard */ = {
			isa = PBXVariantGroup;
			children = (
				4EE17C2928CA732300F3DE0B /* Base */,
			);
			name = LaunchScreen.storyboard;
			sourceTree = "<group>";
		};
		4EE17C2A28CA732300F3DE0B /* Main.storyboard */ = {
			isa = PBXVariantGroup;
			children = (
				4EE17C2B28CA732300F3DE0B /* Base */,
			);
			name = Main.storyboard;
			sourceTree = "<group>";
		};
/* End PBXVariantGroup section */

/* Begin XCBuildConfiguration section */
		4EE17C1928CA589100F3DE0B /* Debug */ = {
			isa = XCBuildConfiguration;
			buildSettings = {
				ALWAYS_SEARCH_USER_PATHS = NO;
				CLANG_ANALYZER_NONNULL = YES;
				CLANG_ANALYZER_NUMBER_OBJECT_CONVERSION = YES_AGGRESSIVE;
				CLANG_CXX_LANGUAGE_STANDARD = "gnu++17";
				CLANG_ENABLE_MODULES = YES;
				CLANG_ENABLE_OBJC_ARC = YES;
				CLANG_ENABLE_OBJC_WEAK = YES;
				CLANG_WARN_BLOCK_CAPTURE_AUTORELEASING = YES;
				CLANG_WARN_BOOL_CONVERSION = YES;
				CLANG_WARN_COMMA = YES;
				CLANG_WARN_CONSTANT_CONVERSION = YES;
				CLANG_WARN_DEPRECATED_OBJC_IMPLEMENTATIONS = YES;
				CLANG_WARN_DIRECT_OBJC_ISA_USAGE = YES_ERROR;
				CLANG_WARN_DOCUMENTATION_COMMENTS = YES;
				CLANG_WARN_EMPTY_BODY = YES;
				CLANG_WARN_ENUM_CONVERSION = YES;
				CLANG_WARN_INFINITE_RECURSION = YES;
				CLANG_WARN_INT_CONVERSION = YES;
				CLANG_WARN_NON_LITERAL_NULL_CONVERSION = YES;
				CLANG_WARN_OBJC_IMPLICIT_RETAIN_SELF = YES;
				CLANG_WARN_OBJC_LITERAL_CONVERSION = YES;
				CLANG_WARN_OBJC_ROOT_CLASS = YES_ERROR;
				CLANG_WARN_QUOTED_INCLUDE_IN_FRAMEWORK_HEADER = YES;
				CLANG_WARN_RANGE_LOOP_ANALYSIS = YES;
				CLANG_WARN_STRICT_PROTOTYPES = YES;
				CLANG_WARN_SUSPICIOUS_MOVE = YES;
				CLANG_WARN_UNGUARDED_AVAILABILITY = YES_AGGRESSIVE;
				CLANG_WARN_UNREACHABLE_CODE = YES;
				CLANG_WARN__DUPLICATE_METHOD_MATCH = YES;
				COPY_PHASE_STRIP = NO;
				DEBUG_INFORMATION_FORMAT = dwarf;
				ENABLE_STRICT_OBJC_MSGSEND = YES;
				ENABLE_TESTABILITY = YES;
				GCC_C_LANGUAGE_STANDARD = gnu11;
				GCC_DYNAMIC_NO_PIC = NO;
				GCC_NO_COMMON_BLOCKS = YES;
				GCC_OPTIMIZATION_LEVEL = 0;
				GCC_PREPROCESSOR_DEFINITIONS = (
					"DEBUG=1",
					"$(inherited)",
				);
				GCC_WARN_64_TO_32_BIT_CONVERSION = YES;
				GCC_WARN_ABOUT_RETURN_TYPE = YES_ERROR;
				GCC_WARN_UNDECLARED_SELECTOR = YES;
				GCC_WARN_UNINITIALIZED_AUTOS = YES_AGGRESSIVE;
				GCC_WARN_UNUSED_FUNCTION = YES;
				GCC_WARN_UNUSED_VARIABLE = YES;
				IPHONEOS_DEPLOYMENT_TARGET = 15.4;
				MTL_ENABLE_DEBUG_INFO = INCLUDE_SOURCE;
				MTL_FAST_MATH = YES;
				ONLY_ACTIVE_ARCH = YES;
				SDKROOT = iphoneos;
				SWIFT_ACTIVE_COMPILATION_CONDITIONS = DEBUG;
				SWIFT_OPTIMIZATION_LEVEL = "-Onone";
			};
			name = Debug;
		};
		4EE17C1A28CA589100F3DE0B /* Release */ = {
			isa = XCBuildConfiguration;
			buildSettings = {
				ALWAYS_SEARCH_USER_PATHS = NO;
				CLANG_ANALYZER_NONNULL = YES;
				CLANG_ANALYZER_NUMBER_OBJECT_CONVERSION = YES_AGGRESSIVE;
				CLANG_CXX_LANGUAGE_STANDARD = "gnu++17";
				CLANG_ENABLE_MODULES = YES;
				CLANG_ENABLE_OBJC_ARC = YES;
				CLANG_ENABLE_OBJC_WEAK = YES;
				CLANG_WARN_BLOCK_CAPTURE_AUTORELEASING = YES;
				CLANG_WARN_BOOL_CONVERSION = YES;
				CLANG_WARN_COMMA = YES;
				CLANG_WARN_CONSTANT_CONVERSION = YES;
				CLANG_WARN_DEPRECATED_OBJC_IMPLEMENTATIONS = YES;
				CLANG_WARN_DIRECT_OBJC_ISA_USAGE = YES_ERROR;
				CLANG_WARN_DOCUMENTATION_COMMENTS = YES;
				CLANG_WARN_EMPTY_BODY = YES;
				CLANG_WARN_ENUM_CONVERSION = YES;
				CLANG_WARN_INFINITE_RECURSION = YES;
				CLANG_WARN_INT_CONVERSION = YES;
				CLANG_WARN_NON_LITERAL_NULL_CONVERSION = YES;
				CLANG_WARN_OBJC_IMPLICIT_RETAIN_SELF = YES;
				CLANG_WARN_OBJC_LITERAL_CONVERSION = YES;
				CLANG_WARN_OBJC_ROOT_CLASS = YES_ERROR;
				CLANG_WARN_QUOTED_INCLUDE_IN_FRAMEWORK_HEADER = YES;
				CLANG_WARN_RANGE_LOOP_ANALYSIS = YES;
				CLANG_WARN_STRICT_PROTOTYPES = YES;
				CLANG_WARN_SUSPICIOUS_MOVE = YES;
				CLANG_WARN_UNGUARDED_AVAILABILITY = YES_AGGRESSIVE;
				CLANG_WARN_UNREACHABLE_CODE = YES;
				CLANG_WARN__DUPLICATE_METHOD_MATCH = YES;
				COPY_PHASE_STRIP = NO;
				DEBUG_INFORMATION_FORMAT = "dwarf-with-dsym";
				ENABLE_NS_ASSERTIONS = NO;
				ENABLE_STRICT_OBJC_MSGSEND = YES;
				GCC_C_LANGUAGE_STANDARD = gnu11;
				GCC_NO_COMMON_BLOCKS = YES;
				GCC_WARN_64_TO_32_BIT_CONVERSION = YES;
				GCC_WARN_ABOUT_RETURN_TYPE = YES_ERROR;
				GCC_WARN_UNDECLARED_SELECTOR = YES;
				GCC_WARN_UNINITIALIZED_AUTOS = YES_AGGRESSIVE;
				GCC_WARN_UNUSED_FUNCTION = YES;
				GCC_WARN_UNUSED_VARIABLE = YES;
				IPHONEOS_DEPLOYMENT_TARGET = 15.4;
				MTL_ENABLE_DEBUG_INFO = NO;
				MTL_FAST_MATH = YES;
				SDKROOT = iphoneos;
				SWIFT_COMPILATION_MODE = wholemodule;
				SWIFT_OPTIMIZATION_LEVEL = "-O";
				VALIDATE_PRODUCT = YES;
			};
			name = Release;
		};
		4EE17C1C28CA589100F3DE0B /* Debug */ = {
			isa = XCBuildConfiguration;
			buildSettings = {
				ASSETCATALOG_COMPILER_APPICON_NAME = AppIcon;
				ASSETCATALOG_COMPILER_GLOBAL_ACCENT_COLOR_NAME = AccentColor;
				CODE_SIGN_STYLE = Automatic;
				CURRENT_PROJECT_VERSION = 1;
				GENERATE_INFOPLIST_FILE = YES;
				INFOPLIST_FILE = "GlueUp/Supporting Files/Info.plist";
				INFOPLIST_KEY_UIApplicationSupportsIndirectInputEvents = YES;
				INFOPLIST_KEY_UILaunchStoryboardName = LaunchScreen;
				INFOPLIST_KEY_UIMainStoryboardFile = Main;
				INFOPLIST_KEY_UISupportedInterfaceOrientations = UIInterfaceOrientationPortrait;
				INFOPLIST_KEY_UISupportedInterfaceOrientations_iPad = "UIInterfaceOrientationLandscapeLeft UIInterfaceOrientationLandscapeRight UIInterfaceOrientationPortrait UIInterfaceOrientationPortraitUpsideDown";
				LD_RUNPATH_SEARCH_PATHS = (
					"$(inherited)",
					"@executable_path/Frameworks",
				);
				MARKETING_VERSION = 1.0;
				PRODUCT_BUNDLE_IDENTIFIER = com.okoval.GlueUp;
				PRODUCT_NAME = "$(TARGET_NAME)";
				SUPPORTED_PLATFORMS = "iphoneos iphonesimulator";
				SUPPORTS_MACCATALYST = NO;
				SUPPORTS_MAC_DESIGNED_FOR_IPHONE_IPAD = NO;
				SWIFT_EMIT_LOC_STRINGS = YES;
				SWIFT_VERSION = 5.0;
				TARGETED_DEVICE_FAMILY = 1;
			};
			name = Debug;
		};
		4EE17C1D28CA589100F3DE0B /* Release */ = {
			isa = XCBuildConfiguration;
			buildSettings = {
				ASSETCATALOG_COMPILER_APPICON_NAME = AppIcon;
				ASSETCATALOG_COMPILER_GLOBAL_ACCENT_COLOR_NAME = AccentColor;
				CODE_SIGN_STYLE = Automatic;
				CURRENT_PROJECT_VERSION = 1;
				GENERATE_INFOPLIST_FILE = YES;
				INFOPLIST_FILE = "GlueUp/Supporting Files/Info.plist";
				INFOPLIST_KEY_UIApplicationSupportsIndirectInputEvents = YES;
				INFOPLIST_KEY_UILaunchStoryboardName = LaunchScreen;
				INFOPLIST_KEY_UIMainStoryboardFile = Main;
				INFOPLIST_KEY_UISupportedInterfaceOrientations = UIInterfaceOrientationPortrait;
				INFOPLIST_KEY_UISupportedInterfaceOrientations_iPad = "UIInterfaceOrientationLandscapeLeft UIInterfaceOrientationLandscapeRight UIInterfaceOrientationPortrait UIInterfaceOrientationPortraitUpsideDown";
				LD_RUNPATH_SEARCH_PATHS = (
					"$(inherited)",
					"@executable_path/Frameworks",
				);
				MARKETING_VERSION = 1.0;
				PRODUCT_BUNDLE_IDENTIFIER = com.okoval.GlueUp;
				PRODUCT_NAME = "$(TARGET_NAME)";
				SUPPORTED_PLATFORMS = "iphoneos iphonesimulator";
				SUPPORTS_MACCATALYST = NO;
				SUPPORTS_MAC_DESIGNED_FOR_IPHONE_IPAD = NO;
				SWIFT_EMIT_LOC_STRINGS = YES;
				SWIFT_VERSION = 5.0;
				TARGETED_DEVICE_FAMILY = 1;
			};
			name = Release;
		};
		4EE17C1F28CA589100F3DE0B /* Debug */ = {
			isa = XCBuildConfiguration;
			buildSettings = {
				ALWAYS_EMBED_SWIFT_STANDARD_LIBRARIES = YES;
				BUNDLE_LOADER = "$(TEST_HOST)";
				CODE_SIGN_STYLE = Automatic;
				CURRENT_PROJECT_VERSION = 1;
				GENERATE_INFOPLIST_FILE = YES;
				IPHONEOS_DEPLOYMENT_TARGET = 15.4;
				MARKETING_VERSION = 1.0;
				PRODUCT_BUNDLE_IDENTIFIER = com.okoval.GlueUpTests;
				PRODUCT_NAME = "$(TARGET_NAME)";
				SWIFT_EMIT_LOC_STRINGS = NO;
				SWIFT_VERSION = 5.0;
				TARGETED_DEVICE_FAMILY = "1,2";
				TEST_HOST = "$(BUILT_PRODUCTS_DIR)/GlueUp.app/GlueUp";
			};
			name = Debug;
		};
		4EE17C2028CA589100F3DE0B /* Release */ = {
			isa = XCBuildConfiguration;
			buildSettings = {
				ALWAYS_EMBED_SWIFT_STANDARD_LIBRARIES = YES;
				BUNDLE_LOADER = "$(TEST_HOST)";
				CODE_SIGN_STYLE = Automatic;
				CURRENT_PROJECT_VERSION = 1;
				GENERATE_INFOPLIST_FILE = YES;
				IPHONEOS_DEPLOYMENT_TARGET = 15.4;
				MARKETING_VERSION = 1.0;
				PRODUCT_BUNDLE_IDENTIFIER = com.okoval.GlueUpTests;
				PRODUCT_NAME = "$(TARGET_NAME)";
				SWIFT_EMIT_LOC_STRINGS = NO;
				SWIFT_VERSION = 5.0;
				TARGETED_DEVICE_FAMILY = "1,2";
				TEST_HOST = "$(BUILT_PRODUCTS_DIR)/GlueUp.app/GlueUp";
			};
			name = Release;
		};
/* End XCBuildConfiguration section */

/* Begin XCConfigurationList section */
		4EE17BE928CA589000F3DE0B /* Build configuration list for PBXProject "GlueUp" */ = {
			isa = XCConfigurationList;
			buildConfigurations = (
				4EE17C1928CA589100F3DE0B /* Debug */,
				4EE17C1A28CA589100F3DE0B /* Release */,
			);
			defaultConfigurationIsVisible = 0;
			defaultConfigurationName = Release;
		};
		4EE17C1B28CA589100F3DE0B /* Build configuration list for PBXNativeTarget "GlueUp" */ = {
			isa = XCConfigurationList;
			buildConfigurations = (
				4EE17C1C28CA589100F3DE0B /* Debug */,
				4EE17C1D28CA589100F3DE0B /* Release */,
			);
			defaultConfigurationIsVisible = 0;
			defaultConfigurationName = Release;
		};
		4EE17C1E28CA589100F3DE0B /* Build configuration list for PBXNativeTarget "GlueUpTests" */ = {
			isa = XCConfigurationList;
			buildConfigurations = (
				4EE17C1F28CA589100F3DE0B /* Debug */,
				4EE17C2028CA589100F3DE0B /* Release */,
			);
			defaultConfigurationIsVisible = 0;
			defaultConfigurationName = Release;
		};
/* End XCConfigurationList section */

/* Begin XCVersionGroup section */
		4EE17C2528CA732300F3DE0B /* GlueUp.xcdatamodeld */ = {
			isa = XCVersionGroup;
			children = (
				4EE17C2628CA732300F3DE0B /* GlueUp.xcdatamodel */,
			);
			currentVersion = 4EE17C2628CA732300F3DE0B /* GlueUp.xcdatamodel */;
			path = GlueUp.xcdatamodeld;
			sourceTree = "<group>";
			versionGroupType = wrapper.xcdatamodel;
		};
/* End XCVersionGroup section */
	};
	rootObject = 4EE17BE628CA589000F3DE0B /* Project object */;
}
