// !$*UTF8*$!
{
	archiveVersion = 1;
	classes = {
	};
	objectVersion = 55;
	objects = {

/* Begin PBXBuildFile section */
		4EC920F028D35C0800978F09 /* AppDelegate.swift in Sources */ = {isa = PBXBuildFile; fileRef = 4EC920EB28D35C0700978F09 /* AppDelegate.swift */; };
		4EC920F128D35C0800978F09 /* SceneDelegate.swift in Sources */ = {isa = PBXBuildFile; fileRef = 4EC920EC28D35C0700978F09 /* SceneDelegate.swift */; };
		4EC920F728D3617200978F09 /* MovieDatabase.swift in Sources */ = {isa = PBXBuildFile; fileRef = 4EC920F628D3617200978F09 /* MovieDatabase.swift */; };
		4EC920F928D3628900978F09 /* MovieItemDTO.swift in Sources */ = {isa = PBXBuildFile; fileRef = 4EC920F828D3628900978F09 /* MovieItemDTO.swift */; };
		4EC920FB28D363A100978F09 /* MovieNetwork.swift in Sources */ = {isa = PBXBuildFile; fileRef = 4EC920FA28D363A100978F09 /* MovieNetwork.swift */; };
		4EC920FE28D36F1900978F09 /* MovieMO+CoreDataClass.swift in Sources */ = {isa = PBXBuildFile; fileRef = 4EC920FD28D36F1900978F09 /* MovieMO+CoreDataClass.swift */; };
		4EC920FF28D36F1900978F09 /* MovieMO+CoreDataProperties.swift in Sources */ = {isa = PBXBuildFile; fileRef = 4EC920FC28D36F1900978F09 /* MovieMO+CoreDataProperties.swift */; };
		4EC9210128D36FF500978F09 /* MovieTranslation.swift in Sources */ = {isa = PBXBuildFile; fileRef = 4EC9210028D36FF500978F09 /* MovieTranslation.swift */; };
		4EC9210328D3701600978F09 /* MovieTranslator.swift in Sources */ = {isa = PBXBuildFile; fileRef = 4EC9210228D3701600978F09 /* MovieTranslator.swift */; };
		4EC9210528D37E4200978F09 /* MovieModel.swift in Sources */ = {isa = PBXBuildFile; fileRef = 4EC9210428D37E4200978F09 /* MovieModel.swift */; };
		4EC9210728D3B4A300978F09 /* FetchedResultsPublisher.swift in Sources */ = {isa = PBXBuildFile; fileRef = 4EC9210628D3B4A300978F09 /* FetchedResultsPublisher.swift */; };
		4EC9211028D4932000978F09 /* MovieListViewModel.swift in Sources */ = {isa = PBXBuildFile; fileRef = 4EC9210D28D4932000978F09 /* MovieListViewModel.swift */; };
		4EC9211128D4932000978F09 /* MovieListViewController.swift in Sources */ = {isa = PBXBuildFile; fileRef = 4EC9210E28D4932000978F09 /* MovieListViewController.swift */; };
		4EC9211728D5D1EB00978F09 /* MovieTableViewCell.swift in Sources */ = {isa = PBXBuildFile; fileRef = 4EC9211628D5D1EB00978F09 /* MovieTableViewCell.swift */; };
		4EC9211928D5D24300978F09 /* MovieCellViewModel.swift in Sources */ = {isa = PBXBuildFile; fileRef = 4EC9211828D5D24300978F09 /* MovieCellViewModel.swift */; };
		4EC9211C28D5E07400978F09 /* DateFormatter+String.swift in Sources */ = {isa = PBXBuildFile; fileRef = 4EC9211B28D5E07400978F09 /* DateFormatter+String.swift */; };
		4EC9211F28D60CA900978F09 /* DependencyRegistry.swift in Sources */ = {isa = PBXBuildFile; fileRef = 4EC9211E28D60CA900978F09 /* DependencyRegistry.swift */; };
		4EC9212228D60D2700978F09 /* NavigationCoordinator.swift in Sources */ = {isa = PBXBuildFile; fileRef = 4EC9212128D60D2700978F09 /* NavigationCoordinator.swift */; };
		4EC9212528D618D600978F09 /* MovieDetailsViewController.swift in Sources */ = {isa = PBXBuildFile; fileRef = 4EC9212428D618D600978F09 /* MovieDetailsViewController.swift */; };
		4EC9212728D618EA00978F09 /* MovieDetailsViewModel.swift in Sources */ = {isa = PBXBuildFile; fileRef = 4EC9212628D618EA00978F09 /* MovieDetailsViewModel.swift */; };
		4EC9212928D71C4100978F09 /* MovieErrorHandler.swift in Sources */ = {isa = PBXBuildFile; fileRef = 4EC9212828D71C4100978F09 /* MovieErrorHandler.swift */; };
		4EE17C0C28CA589100F3DE0B /* GlueUpTests.swift in Sources */ = {isa = PBXBuildFile; fileRef = 4EE17C0B28CA589100F3DE0B /* GlueUpTests.swift */; };
		4EE17C2D28CA732300F3DE0B /* GlueUp.xcdatamodeld in Sources */ = {isa = PBXBuildFile; fileRef = 4EE17C2528CA732300F3DE0B /* GlueUp.xcdatamodeld */; };
		4EE17C2E28CA732300F3DE0B /* Assets.xcassets in Resources */ = {isa = PBXBuildFile; fileRef = 4EE17C2728CA732300F3DE0B /* Assets.xcassets */; };
		4EE17C2F28CA732300F3DE0B /* LaunchScreen.storyboard in Resources */ = {isa = PBXBuildFile; fileRef = 4EE17C2828CA732300F3DE0B /* LaunchScreen.storyboard */; };
		B129049495DF239479937A52 /* Pods_GlueUp.framework in Frameworks */ = {isa = PBXBuildFile; fileRef = E96C9073D3F390E6B95D114C /* Pods_GlueUp.framework */; };
/* End PBXBuildFile section */

/* Begin PBXContainerItemProxy section */
		4EE17C0828CA589100F3DE0B /* PBXContainerItemProxy */ = {
			isa = PBXContainerItemProxy;
			containerPortal = 4EE17BE628CA589000F3DE0B /* Project object */;
			proxyType = 1;
			remoteGlobalIDString = 4EE17BED28CA589000F3DE0B;
			remoteInfo = GlueUp;
		};
/* End PBXContainerItemProxy section */

/* Begin PBXFileReference section */
		4EC920EB28D35C0700978F09 /* AppDelegate.swift */ = {isa = PBXFileReference; fileEncoding = 4; lastKnownFileType = sourcecode.swift; path = AppDelegate.swift; sourceTree = "<group>"; };
		4EC920EC28D35C0700978F09 /* SceneDelegate.swift */ = {isa = PBXFileReference; fileEncoding = 4; lastKnownFileType = sourcecode.swift; path = SceneDelegate.swift; sourceTree = "<group>"; };
		4EC920F628D3617200978F09 /* MovieDatabase.swift */ = {isa = PBXFileReference; lastKnownFileType = sourcecode.swift; path = MovieDatabase.swift; sourceTree = "<group>"; };
		4EC920F828D3628900978F09 /* MovieItemDTO.swift */ = {isa = PBXFileReference; lastKnownFileType = sourcecode.swift; path = MovieItemDTO.swift; sourceTree = "<group>"; };
		4EC920FA28D363A100978F09 /* MovieNetwork.swift */ = {isa = PBXFileReference; lastKnownFileType = sourcecode.swift; path = MovieNetwork.swift; sourceTree = "<group>"; };
		4EC920FC28D36F1900978F09 /* MovieMO+CoreDataProperties.swift */ = {isa = PBXFileReference; lastKnownFileType = sourcecode.swift; name = "MovieMO+CoreDataProperties.swift"; path = "/Users/oleksandr.koval/Desktop/GlueUp/GlueUp/Model/Database/MovieMO+CoreDataProperties.swift"; sourceTree = "<absolute>"; };
		4EC920FD28D36F1900978F09 /* MovieMO+CoreDataClass.swift */ = {isa = PBXFileReference; lastKnownFileType = sourcecode.swift; name = "MovieMO+CoreDataClass.swift"; path = "/Users/oleksandr.koval/Desktop/GlueUp/GlueUp/Model/Database/MovieMO+CoreDataClass.swift"; sourceTree = "<absolute>"; };
		4EC9210028D36FF500978F09 /* MovieTranslation.swift */ = {isa = PBXFileReference; lastKnownFileType = sourcecode.swift; path = MovieTranslation.swift; sourceTree = "<group>"; };
		4EC9210228D3701600978F09 /* MovieTranslator.swift */ = {isa = PBXFileReference; lastKnownFileType = sourcecode.swift; path = MovieTranslator.swift; sourceTree = "<group>"; };
		4EC9210428D37E4200978F09 /* MovieModel.swift */ = {isa = PBXFileReference; lastKnownFileType = sourcecode.swift; path = MovieModel.swift; sourceTree = "<group>"; };
		4EC9210628D3B4A300978F09 /* FetchedResultsPublisher.swift */ = {isa = PBXFileReference; lastKnownFileType = sourcecode.swift; path = FetchedResultsPublisher.swift; sourceTree = "<group>"; };
		4EC9210D28D4932000978F09 /* MovieListViewModel.swift */ = {isa = PBXFileReference; fileEncoding = 4; lastKnownFileType = sourcecode.swift; path = MovieListViewModel.swift; sourceTree = "<group>"; };
		4EC9210E28D4932000978F09 /* MovieListViewController.swift */ = {isa = PBXFileReference; fileEncoding = 4; lastKnownFileType = sourcecode.swift; path = MovieListViewController.swift; sourceTree = "<group>"; };
		4EC9211628D5D1EB00978F09 /* MovieTableViewCell.swift */ = {isa = PBXFileReference; lastKnownFileType = sourcecode.swift; path = MovieTableViewCell.swift; sourceTree = "<group>"; };
		4EC9211828D5D24300978F09 /* MovieCellViewModel.swift */ = {isa = PBXFileReference; lastKnownFileType = sourcecode.swift; path = MovieCellViewModel.swift; sourceTree = "<group>"; };
		4EC9211B28D5E07400978F09 /* DateFormatter+String.swift */ = {isa = PBXFileReference; lastKnownFileType = sourcecode.swift; path = "DateFormatter+String.swift"; sourceTree = "<group>"; };
		4EC9211E28D60CA900978F09 /* DependencyRegistry.swift */ = {isa = PBXFileReference; lastKnownFileType = sourcecode.swift; path = DependencyRegistry.swift; sourceTree = "<group>"; };
		4EC9212128D60D2700978F09 /* NavigationCoordinator.swift */ = {isa = PBXFileReference; lastKnownFileType = sourcecode.swift; path = NavigationCoordinator.swift; sourceTree = "<group>"; };
		4EC9212428D618D600978F09 /* MovieDetailsViewController.swift */ = {isa = PBXFileReference; lastKnownFileType = sourcecode.swift; path = MovieDetailsViewController.swift; sourceTree = "<group>"; };
		4EC9212628D618EA00978F09 /* MovieDetailsViewModel.swift */ = {isa = PBXFileReference; lastKnownFileType = sourcecode.swift; path = MovieDetailsViewModel.swift; sourceTree = "<group>"; };
		4EC9212828D71C4100978F09 /* MovieErrorHandler.swift */ = {isa = PBXFileReference; lastKnownFileType = sourcecode.swift; path = MovieErrorHandler.swift; sourceTree = "<group>"; };
		4EE17BEE28CA589000F3DE0B /* GlueUp.app */ = {isa = PBXFileReference; explicitFileType = wrapper.application; includeInIndex = 0; path = GlueUp.app; sourceTree = BUILT_PRODUCTS_DIR; };
		4EE17C0728CA589100F3DE0B /* GlueUpTests.xctest */ = {isa = PBXFileReference; explicitFileType = wrapper.cfbundle; includeInIndex = 0; path = GlueUpTests.xctest; sourceTree = BUILT_PRODUCTS_DIR; };
		4EE17C0B28CA589100F3DE0B /* GlueUpTests.swift */ = {isa = PBXFileReference; lastKnownFileType = sourcecode.swift; path = GlueUpTests.swift; sourceTree = "<group>"; };
		4EE17C2628CA732300F3DE0B /* GlueUp.xcdatamodel */ = {isa = PBXFileReference; lastKnownFileType = wrapper.xcdatamodel; path = GlueUp.xcdatamodel; sourceTree = "<group>"; };
		4EE17C2728CA732300F3DE0B /* Assets.xcassets */ = {isa = PBXFileReference; lastKnownFileType = folder.assetcatalog; path = Assets.xcassets; sourceTree = "<group>"; };
		4EE17C2928CA732300F3DE0B /* Base */ = {isa = PBXFileReference; lastKnownFileType = file.storyboard; name = Base; path = Base.lproj/LaunchScreen.storyboard; sourceTree = "<group>"; };
		4EE17C2C28CA732300F3DE0B /* Info.plist */ = {isa = PBXFileReference; fileEncoding = 4; lastKnownFileType = text.plist.xml; path = Info.plist; sourceTree = "<group>"; };
		6D70A06CD1339E0B78C6B89C /* Pods-GlueUp.release.xcconfig */ = {isa = PBXFileReference; includeInIndex = 1; lastKnownFileType = text.xcconfig; name = "Pods-GlueUp.release.xcconfig"; path = "Target Support Files/Pods-GlueUp/Pods-GlueUp.release.xcconfig"; sourceTree = "<group>"; };
		C91C3691766F06C4E84585AC /* Pods-GlueUp.debug.xcconfig */ = {isa = PBXFileReference; includeInIndex = 1; lastKnownFileType = text.xcconfig; name = "Pods-GlueUp.debug.xcconfig"; path = "Target Support Files/Pods-GlueUp/Pods-GlueUp.debug.xcconfig"; sourceTree = "<group>"; };
		E96C9073D3F390E6B95D114C /* Pods_GlueUp.framework */ = {isa = PBXFileReference; explicitFileType = wrapper.framework; includeInIndex = 0; path = Pods_GlueUp.framework; sourceTree = BUILT_PRODUCTS_DIR; };
/* End PBXFileReference section */

/* Begin PBXFrameworksBuildPhase section */
		4EE17BEB28CA589000F3DE0B /* Frameworks */ = {
			isa = PBXFrameworksBuildPhase;
			buildActionMask = 2147483647;
			files = (
				B129049495DF239479937A52 /* Pods_GlueUp.framework in Frameworks */,
			);
			runOnlyForDeploymentPostprocessing = 0;
		};
		4EE17C0428CA589100F3DE0B /* Frameworks */ = {
			isa = PBXFrameworksBuildPhase;
			buildActionMask = 2147483647;
			files = (
			);
			runOnlyForDeploymentPostprocessing = 0;
		};
/* End PBXFrameworksBuildPhase section */

/* Begin PBXGroup section */
		01457A2597565297D056D0E3 /* Pods */ = {
			isa = PBXGroup;
			children = (
				C91C3691766F06C4E84585AC /* Pods-GlueUp.debug.xcconfig */,
				6D70A06CD1339E0B78C6B89C /* Pods-GlueUp.release.xcconfig */,
			);
			path = Pods;
			sourceTree = "<group>";
		};
		4EC920EA28D35C0700978F09 /* App */ = {
			isa = PBXGroup;
			children = (
				4EC920EB28D35C0700978F09 /* AppDelegate.swift */,
				4EC920EC28D35C0700978F09 /* SceneDelegate.swift */,
			);
			path = App;
			sourceTree = "<group>";
		};
		4EC920ED28D35C0700978F09 /* UI */ = {
			isa = PBXGroup;
			children = (
				4EC9212328D618A900978F09 /* MovieDetails */,
				4EC9210F28D4932000978F09 /* MovieCell */,
				4EC9210C28D4932000978F09 /* MovieList */,
			);
			path = UI;
			sourceTree = "<group>";
		};
		4EC920EF28D35C0700978F09 /* Model */ = {
			isa = PBXGroup;
			children = (
				4EC920F328D3611800978F09 /* Database */,
				4EC920F528D3611800978F09 /* Network */,
				4EC920F428D3611800978F09 /* Translation */,
				4EC920F828D3628900978F09 /* MovieItemDTO.swift */,
				4EC9210428D37E4200978F09 /* MovieModel.swift */,
				4EC9212828D71C4100978F09 /* MovieErrorHandler.swift */,
			);
			path = Model;
			sourceTree = "<group>";
		};
		4EC920F328D3611800978F09 /* Database */ = {
			isa = PBXGroup;
			children = (
				4EC920FD28D36F1900978F09 /* MovieMO+CoreDataClass.swift */,
				4EC920FC28D36F1900978F09 /* MovieMO+CoreDataProperties.swift */,
				4EC920F628D3617200978F09 /* MovieDatabase.swift */,
				4EC9210628D3B4A300978F09 /* FetchedResultsPublisher.swift */,
			);
			path = Database;
			sourceTree = "<group>";
		};
		4EC920F428D3611800978F09 /* Translation */ = {
			isa = PBXGroup;
			children = (
				4EC9210028D36FF500978F09 /* MovieTranslation.swift */,
				4EC9210228D3701600978F09 /* MovieTranslator.swift */,
			);
			path = Translation;
			sourceTree = "<group>";
		};
		4EC920F528D3611800978F09 /* Network */ = {
			isa = PBXGroup;
			children = (
				4EC920FA28D363A100978F09 /* MovieNetwork.swift */,
			);
			path = Network;
			sourceTree = "<group>";
		};
		4EC9210C28D4932000978F09 /* MovieList */ = {
			isa = PBXGroup;
			children = (
				4EC9210D28D4932000978F09 /* MovieListViewModel.swift */,
				4EC9210E28D4932000978F09 /* MovieListViewController.swift */,
			);
			path = MovieList;
			sourceTree = "<group>";
		};
		4EC9210F28D4932000978F09 /* MovieCell */ = {
			isa = PBXGroup;
			children = (
				4EC9211628D5D1EB00978F09 /* MovieTableViewCell.swift */,
				4EC9211828D5D24300978F09 /* MovieCellViewModel.swift */,
			);
			path = MovieCell;
			sourceTree = "<group>";
		};
		4EC9211A28D5E03F00978F09 /* Extensions */ = {
			isa = PBXGroup;
			children = (
				4EC9211B28D5E07400978F09 /* DateFormatter+String.swift */,
			);
			path = Extensions;
			sourceTree = "<group>";
		};
		4EC9211D28D60C8100978F09 /* DI */ = {
			isa = PBXGroup;
			children = (
				4EC9211E28D60CA900978F09 /* DependencyRegistry.swift */,
			);
			path = DI;
			sourceTree = "<group>";
		};
		4EC9212028D60D0700978F09 /* Coordinator */ = {
			isa = PBXGroup;
			children = (
				4EC9212128D60D2700978F09 /* NavigationCoordinator.swift */,
			);
			path = Coordinator;
			sourceTree = "<group>";
		};
		4EC9212328D618A900978F09 /* MovieDetails */ = {
			isa = PBXGroup;
			children = (
				4EC9212428D618D600978F09 /* MovieDetailsViewController.swift */,
				4EC9212628D618EA00978F09 /* MovieDetailsViewModel.swift */,
			);
			path = MovieDetails;
			sourceTree = "<group>";
		};
		4EE17BE528CA589000F3DE0B = {
			isa = PBXGroup;
			children = (
				4EE17BF028CA589000F3DE0B /* GlueUp */,
				4EE17C0A28CA589100F3DE0B /* GlueUpTests */,
				4EE17BEF28CA589000F3DE0B /* Products */,
				01457A2597565297D056D0E3 /* Pods */,
				59A851B8DF288F9D5DA00D00 /* Frameworks */,
			);
			sourceTree = "<group>";
		};
		4EE17BEF28CA589000F3DE0B /* Products */ = {
			isa = PBXGroup;
			children = (
				4EE17BEE28CA589000F3DE0B /* GlueUp.app */,
				4EE17C0728CA589100F3DE0B /* GlueUpTests.xctest */,
			);
			name = Products;
			sourceTree = "<group>";
		};
		4EE17BF028CA589000F3DE0B /* GlueUp */ = {
			isa = PBXGroup;
			children = (
				4EC9212028D60D0700978F09 /* Coordinator */,
				4EC9211D28D60C8100978F09 /* DI */,
				4EC9211A28D5E03F00978F09 /* Extensions */,
				4EC920EA28D35C0700978F09 /* App */,
				4EC920EF28D35C0700978F09 /* Model */,
				4EC920ED28D35C0700978F09 /* UI */,
				4EE17C2428CA732300F3DE0B /* Supporting Files */,
			);
			path = GlueUp;
			sourceTree = "<group>";
		};
		4EE17C0A28CA589100F3DE0B /* GlueUpTests */ = {
			isa = PBXGroup;
			children = (
				4EE17C0B28CA589100F3DE0B /* GlueUpTests.swift */,
			);
			path = GlueUpTests;
			sourceTree = "<group>";
		};
		4EE17C2428CA732300F3DE0B /* Supporting Files */ = {
			isa = PBXGroup;
			children = (
				4EE17C2528CA732300F3DE0B /* GlueUp.xcdatamodeld */,
				4EE17C2728CA732300F3DE0B /* Assets.xcassets */,
				4EE17C2828CA732300F3DE0B /* LaunchScreen.storyboard */,
				4EE17C2C28CA732300F3DE0B /* Info.plist */,
			);
			path = "Supporting Files";
			sourceTree = "<group>";
		};
		59A851B8DF288F9D5DA00D00 /* Frameworks */ = {
			isa = PBXGroup;
			children = (
				E96C9073D3F390E6B95D114C /* Pods_GlueUp.framework */,
			);
			name = Frameworks;
			sourceTree = "<group>";
		};
/* End PBXGroup section */

/* Begin PBXNativeTarget section */
		4EE17BED28CA589000F3DE0B /* GlueUp */ = {
			isa = PBXNativeTarget;
			buildConfigurationList = 4EE17C1B28CA589100F3DE0B /* Build configuration list for PBXNativeTarget "GlueUp" */;
			buildPhases = (
				3B87B24FD82EB682D707C406 /* [CP] Check Pods Manifest.lock */,
				4EE17BEA28CA589000F3DE0B /* Sources */,
				4EE17BEB28CA589000F3DE0B /* Frameworks */,
				4EE17BEC28CA589000F3DE0B /* Resources */,
				EA5A8E1B2E2CB792AA8146BA /* [CP] Embed Pods Frameworks */,
			);
			buildRules = (
			);
			dependencies = (
			);
			name = GlueUp;
			productName = GlueUp;
			productReference = 4EE17BEE28CA589000F3DE0B /* GlueUp.app */;
			productType = "com.apple.product-type.application";
		};
		4EE17C0628CA589100F3DE0B /* GlueUpTests */ = {
			isa = PBXNativeTarget;
			buildConfigurationList = 4EE17C1E28CA589100F3DE0B /* Build configuration list for PBXNativeTarget "GlueUpTests" */;
			buildPhases = (
				4EE17C0328CA589100F3DE0B /* Sources */,
				4EE17C0428CA589100F3DE0B /* Frameworks */,
				4EE17C0528CA589100F3DE0B /* Resources */,
			);
			buildRules = (
			);
			dependencies = (
				4EE17C0928CA589100F3DE0B /* PBXTargetDependency */,
			);
			name = GlueUpTests;
			productName = GlueUpTests;
			productReference = 4EE17C0728CA589100F3DE0B /* GlueUpTests.xctest */;
			productType = "com.apple.product-type.bundle.unit-test";
		};
/* End PBXNativeTarget section */

/* Begin PBXProject section */
		4EE17BE628CA589000F3DE0B /* Project object */ = {
			isa = PBXProject;
			attributes = {
				BuildIndependentTargetsInParallel = 1;
				LastSwiftUpdateCheck = 1330;
				LastUpgradeCheck = 1330;
				TargetAttributes = {
					4EE17BED28CA589000F3DE0B = {
						CreatedOnToolsVersion = 13.3.1;
					};
					4EE17C0628CA589100F3DE0B = {
						CreatedOnToolsVersion = 13.3.1;
						TestTargetID = 4EE17BED28CA589000F3DE0B;
					};
				};
			};
			buildConfigurationList = 4EE17BE928CA589000F3DE0B /* Build configuration list for PBXProject "GlueUp" */;
			compatibilityVersion = "Xcode 13.0";
			developmentRegion = en;
			hasScannedForEncodings = 0;
			knownRegions = (
				en,
				Base,
			);
			mainGroup = 4EE17BE528CA589000F3DE0B;
			productRefGroup = 4EE17BEF28CA589000F3DE0B /* Products */;
			projectDirPath = "";
			projectRoot = "";
			targets = (
				4EE17BED28CA589000F3DE0B /* GlueUp */,
				4EE17C0628CA589100F3DE0B /* GlueUpTests */,
			);
		};
/* End PBXProject section */

/* Begin PBXResourcesBuildPhase section */
		4EE17BEC28CA589000F3DE0B /* Resources */ = {
			isa = PBXResourcesBuildPhase;
			buildActionMask = 2147483647;
			files = (
				4EE17C2F28CA732300F3DE0B /* LaunchScreen.storyboard in Resources */,
				4EE17C2E28CA732300F3DE0B /* Assets.xcassets in Resources */,
			);
			runOnlyForDeploymentPostprocessing = 0;
		};
		4EE17C0528CA589100F3DE0B /* Resources */ = {
			isa = PBXResourcesBuildPhase;
			buildActionMask = 2147483647;
			files = (
			);
			runOnlyForDeploymentPostprocessing = 0;
		};
/* End PBXResourcesBuildPhase section */

/* Begin PBXShellScriptBuildPhase section */
		3B87B24FD82EB682D707C406 /* [CP] Check Pods Manifest.lock */ = {
			isa = PBXShellScriptBuildPhase;
			buildActionMask = 2147483647;
			files = (
			);
			inputFileListPaths = (
			);
			inputPaths = (
				"${PODS_PODFILE_DIR_PATH}/Podfile.lock",
				"${PODS_ROOT}/Manifest.lock",
			);
			name = "[CP] Check Pods Manifest.lock";
			outputFileListPaths = (
			);
			outputPaths = (
				"$(DERIVED_FILE_DIR)/Pods-GlueUp-checkManifestLockResult.txt",
			);
			runOnlyForDeploymentPostprocessing = 0;
			shellPath = /bin/sh;
			shellScript = "diff \"${PODS_PODFILE_DIR_PATH}/Podfile.lock\" \"${PODS_ROOT}/Manifest.lock\" > /dev/null\nif [ $? != 0 ] ; then\n    # print error to STDERR\n    echo \"error: The sandbox is not in sync with the Podfile.lock. Run 'pod install' or update your CocoaPods installation.\" >&2\n    exit 1\nfi\n# This output is used by Xcode 'outputs' to avoid re-running this script phase.\necho \"SUCCESS\" > \"${SCRIPT_OUTPUT_FILE_0}\"\n";
			showEnvVarsInLog = 0;
		};
		EA5A8E1B2E2CB792AA8146BA /* [CP] Embed Pods Frameworks */ = {
			isa = PBXShellScriptBuildPhase;
			buildActionMask = 2147483647;
			files = (
			);
			inputFileListPaths = (
				"${PODS_ROOT}/Target Support Files/Pods-GlueUp/Pods-GlueUp-frameworks-${CONFIGURATION}-input-files.xcfilelist",
			);
			name = "[CP] Embed Pods Frameworks";
			outputFileListPaths = (
				"${PODS_ROOT}/Target Support Files/Pods-GlueUp/Pods-GlueUp-frameworks-${CONFIGURATION}-output-files.xcfilelist",
			);
			runOnlyForDeploymentPostprocessing = 0;
			shellPath = /bin/sh;
			shellScript = "\"${PODS_ROOT}/Target Support Files/Pods-GlueUp/Pods-GlueUp-frameworks.sh\"\n";
			showEnvVarsInLog = 0;
		};
/* End PBXShellScriptBuildPhase section */

/* Begin PBXSourcesBuildPhase section */
		4EE17BEA28CA589000F3DE0B /* Sources */ = {
			isa = PBXSourcesBuildPhase;
			buildActionMask = 2147483647;
			files = (
				4EC9212528D618D600978F09 /* MovieDetailsViewController.swift in Sources */,
				4EC9210528D37E4200978F09 /* MovieModel.swift in Sources */,
				4EC920F028D35C0800978F09 /* AppDelegate.swift in Sources */,
				4EC9212228D60D2700978F09 /* NavigationCoordinator.swift in Sources */,
				4EC9211C28D5E07400978F09 /* DateFormatter+String.swift in Sources */,
				4EC9210328D3701600978F09 /* MovieTranslator.swift in Sources */,
				4EE17C2D28CA732300F3DE0B /* GlueUp.xcdatamodeld in Sources */,
				4EC920FF28D36F1900978F09 /* MovieMO+CoreDataProperties.swift in Sources */,
				4EC9212928D71C4100978F09 /* MovieErrorHandler.swift in Sources */,
				4EC9211728D5D1EB00978F09 /* MovieTableViewCell.swift in Sources */,
				4EC9211028D4932000978F09 /* MovieListViewModel.swift in Sources */,
				4EC9211928D5D24300978F09 /* MovieCellViewModel.swift in Sources */,
				4EC9210728D3B4A300978F09 /* FetchedResultsPublisher.swift in Sources */,
				4EC920F728D3617200978F09 /* MovieDatabase.swift in Sources */,
				4EC920F128D35C0800978F09 /* SceneDelegate.swift in Sources */,
				4EC9212728D618EA00978F09 /* MovieDetailsViewModel.swift in Sources */,
				4EC920FB28D363A100978F09 /* MovieNetwork.swift in Sources */,
				4EC920FE28D36F1900978F09 /* MovieMO+CoreDataClass.swift in Sources */,
				4EC9211128D4932000978F09 /* MovieListViewController.swift in Sources */,
				4EC920F928D3628900978F09 /* MovieItemDTO.swift in Sources */,
				4EC9211F28D60CA900978F09 /* DependencyRegistry.swift in Sources */,
				4EC9210128D36FF500978F09 /* MovieTranslation.swift in Sources */,
			);
			runOnlyForDeploymentPostprocessing = 0;
		};
		4EE17C0328CA589100F3DE0B /* Sources */ = {
			isa = PBXSourcesBuildPhase;
			buildActionMask = 2147483647;
			files = (
				4EE17C0C28CA589100F3DE0B /* GlueUpTests.swift in Sources */,
			);
			runOnlyForDeploymentPostprocessing = 0;
		};
/* End PBXSourcesBuildPhase section */

/* Begin PBXTargetDependency section */
		4EE17C0928CA589100F3DE0B /* PBXTargetDependency */ = {
			isa = PBXTargetDependency;
			target = 4EE17BED28CA589000F3DE0B /* GlueUp */;
			targetProxy = 4EE17C0828CA589100F3DE0B /* PBXContainerItemProxy */;
		};
/* End PBXTargetDependency section */

/* Begin PBXVariantGroup section */
		4EE17C2828CA732300F3DE0B /* LaunchScreen.storyboard */ = {
			isa = PBXVariantGroup;
			children = (
				4EE17C2928CA732300F3DE0B /* Base */,
			);
			name = LaunchScreen.storyboard;
			sourceTree = "<group>";
		};
/* End PBXVariantGroup section */

/* Begin XCBuildConfiguration section */
		4EE17C1928CA589100F3DE0B /* Debug */ = {
			isa = XCBuildConfiguration;
			buildSettings = {
				ALWAYS_SEARCH_USER_PATHS = NO;
				CLANG_ANALYZER_NONNULL = YES;
				CLANG_ANALYZER_NUMBER_OBJECT_CONVERSION = YES_AGGRESSIVE;
				CLANG_CXX_LANGUAGE_STANDARD = "gnu++17";
				CLANG_ENABLE_MODULES = YES;
				CLANG_ENABLE_OBJC_ARC = YES;
				CLANG_ENABLE_OBJC_WEAK = YES;
				CLANG_WARN_BLOCK_CAPTURE_AUTORELEASING = YES;
				CLANG_WARN_BOOL_CONVERSION = YES;
				CLANG_WARN_COMMA = YES;
				CLANG_WARN_CONSTANT_CONVERSION = YES;
				CLANG_WARN_DEPRECATED_OBJC_IMPLEMENTATIONS = YES;
				CLANG_WARN_DIRECT_OBJC_ISA_USAGE = YES_ERROR;
				CLANG_WARN_DOCUMENTATION_COMMENTS = YES;
				CLANG_WARN_EMPTY_BODY = YES;
				CLANG_WARN_ENUM_CONVERSION = YES;
				CLANG_WARN_INFINITE_RECURSION = YES;
				CLANG_WARN_INT_CONVERSION = YES;
				CLANG_WARN_NON_LITERAL_NULL_CONVERSION = YES;
				CLANG_WARN_OBJC_IMPLICIT_RETAIN_SELF = YES;
				CLANG_WARN_OBJC_LITERAL_CONVERSION = YES;
				CLANG_WARN_OBJC_ROOT_CLASS = YES_ERROR;
				CLANG_WARN_QUOTED_INCLUDE_IN_FRAMEWORK_HEADER = YES;
				CLANG_WARN_RANGE_LOOP_ANALYSIS = YES;
				CLANG_WARN_STRICT_PROTOTYPES = YES;
				CLANG_WARN_SUSPICIOUS_MOVE = YES;
				CLANG_WARN_UNGUARDED_AVAILABILITY = YES_AGGRESSIVE;
				CLANG_WARN_UNREACHABLE_CODE = YES;
				CLANG_WARN__DUPLICATE_METHOD_MATCH = YES;
				COPY_PHASE_STRIP = NO;
				DEBUG_INFORMATION_FORMAT = dwarf;
				ENABLE_STRICT_OBJC_MSGSEND = YES;
				ENABLE_TESTABILITY = YES;
				GCC_C_LANGUAGE_STANDARD = gnu11;
				GCC_DYNAMIC_NO_PIC = NO;
				GCC_NO_COMMON_BLOCKS = YES;
				GCC_OPTIMIZATION_LEVEL = 0;
				GCC_PREPROCESSOR_DEFINITIONS = (
					"DEBUG=1",
					"$(inherited)",
				);
				GCC_WARN_64_TO_32_BIT_CONVERSION = YES;
				GCC_WARN_ABOUT_RETURN_TYPE = YES_ERROR;
				GCC_WARN_UNDECLARED_SELECTOR = YES;
				GCC_WARN_UNINITIALIZED_AUTOS = YES_AGGRESSIVE;
				GCC_WARN_UNUSED_FUNCTION = YES;
				GCC_WARN_UNUSED_VARIABLE = YES;
				IPHONEOS_DEPLOYMENT_TARGET = 15.4;
				MTL_ENABLE_DEBUG_INFO = INCLUDE_SOURCE;
				MTL_FAST_MATH = YES;
				ONLY_ACTIVE_ARCH = YES;
				SDKROOT = iphoneos;
				SWIFT_ACTIVE_COMPILATION_CONDITIONS = DEBUG;
				SWIFT_OPTIMIZATION_LEVEL = "-Onone";
			};
			name = Debug;
		};
		4EE17C1A28CA589100F3DE0B /* Release */ = {
			isa = XCBuildConfiguration;
			buildSettings = {
				ALWAYS_SEARCH_USER_PATHS = NO;
				CLANG_ANALYZER_NONNULL = YES;
				CLANG_ANALYZER_NUMBER_OBJECT_CONVERSION = YES_AGGRESSIVE;
				CLANG_CXX_LANGUAGE_STANDARD = "gnu++17";
				CLANG_ENABLE_MODULES = YES;
				CLANG_ENABLE_OBJC_ARC = YES;
				CLANG_ENABLE_OBJC_WEAK = YES;
				CLANG_WARN_BLOCK_CAPTURE_AUTORELEASING = YES;
				CLANG_WARN_BOOL_CONVERSION = YES;
				CLANG_WARN_COMMA = YES;
				CLANG_WARN_CONSTANT_CONVERSION = YES;
				CLANG_WARN_DEPRECATED_OBJC_IMPLEMENTATIONS = YES;
				CLANG_WARN_DIRECT_OBJC_ISA_USAGE = YES_ERROR;
				CLANG_WARN_DOCUMENTATION_COMMENTS = YES;
				CLANG_WARN_EMPTY_BODY = YES;
				CLANG_WARN_ENUM_CONVERSION = YES;
				CLANG_WARN_INFINITE_RECURSION = YES;
				CLANG_WARN_INT_CONVERSION = YES;
				CLANG_WARN_NON_LITERAL_NULL_CONVERSION = YES;
				CLANG_WARN_OBJC_IMPLICIT_RETAIN_SELF = YES;
				CLANG_WARN_OBJC_LITERAL_CONVERSION = YES;
				CLANG_WARN_OBJC_ROOT_CLASS = YES_ERROR;
				CLANG_WARN_QUOTED_INCLUDE_IN_FRAMEWORK_HEADER = YES;
				CLANG_WARN_RANGE_LOOP_ANALYSIS = YES;
				CLANG_WARN_STRICT_PROTOTYPES = YES;
				CLANG_WARN_SUSPICIOUS_MOVE = YES;
				CLANG_WARN_UNGUARDED_AVAILABILITY = YES_AGGRESSIVE;
				CLANG_WARN_UNREACHABLE_CODE = YES;
				CLANG_WARN__DUPLICATE_METHOD_MATCH = YES;
				COPY_PHASE_STRIP = NO;
				DEBUG_INFORMATION_FORMAT = "dwarf-with-dsym";
				ENABLE_NS_ASSERTIONS = NO;
				ENABLE_STRICT_OBJC_MSGSEND = YES;
				GCC_C_LANGUAGE_STANDARD = gnu11;
				GCC_NO_COMMON_BLOCKS = YES;
				GCC_WARN_64_TO_32_BIT_CONVERSION = YES;
				GCC_WARN_ABOUT_RETURN_TYPE = YES_ERROR;
				GCC_WARN_UNDECLARED_SELECTOR = YES;
				GCC_WARN_UNINITIALIZED_AUTOS = YES_AGGRESSIVE;
				GCC_WARN_UNUSED_FUNCTION = YES;
				GCC_WARN_UNUSED_VARIABLE = YES;
				IPHONEOS_DEPLOYMENT_TARGET = 15.4;
				MTL_ENABLE_DEBUG_INFO = NO;
				MTL_FAST_MATH = YES;
				SDKROOT = iphoneos;
				SWIFT_COMPILATION_MODE = wholemodule;
				SWIFT_OPTIMIZATION_LEVEL = "-O";
				VALIDATE_PRODUCT = YES;
			};
			name = Release;
		};
		4EE17C1C28CA589100F3DE0B /* Debug */ = {
			isa = XCBuildConfiguration;
			baseConfigurationReference = C91C3691766F06C4E84585AC /* Pods-GlueUp.debug.xcconfig */;
			buildSettings = {
				ASSETCATALOG_COMPILER_APPICON_NAME = AppIcon;
				ASSETCATALOG_COMPILER_GLOBAL_ACCENT_COLOR_NAME = AccentColor;
				CODE_SIGN_STYLE = Automatic;
				CURRENT_PROJECT_VERSION = 1;
				GENERATE_INFOPLIST_FILE = YES;
				INFOPLIST_FILE = "GlueUp/Supporting Files/Info.plist";
				INFOPLIST_KEY_UIApplicationSupportsIndirectInputEvents = YES;
				INFOPLIST_KEY_UILaunchStoryboardName = LaunchScreen;
				INFOPLIST_KEY_UISupportedInterfaceOrientations = UIInterfaceOrientationPortrait;
				IPHONEOS_DEPLOYMENT_TARGET = 15.0;
				LD_RUNPATH_SEARCH_PATHS = (
					"$(inherited)",
					"@executable_path/Frameworks",
				);
				MARKETING_VERSION = 1.0;
				PRODUCT_BUNDLE_IDENTIFIER = com.okoval.GlueUp;
				PRODUCT_NAME = "$(TARGET_NAME)";
				SUPPORTED_PLATFORMS = "iphoneos iphonesimulator";
				SUPPORTS_MACCATALYST = NO;
				SUPPORTS_MAC_DESIGNED_FOR_IPHONE_IPAD = NO;
				SWIFT_EMIT_LOC_STRINGS = YES;
				SWIFT_VERSION = 5.0;
				TARGETED_DEVICE_FAMILY = 1;
			};
			name = Debug;
		};
		4EE17C1D28CA589100F3DE0B /* Release */ = {
			isa = XCBuildConfiguration;
			baseConfigurationReference = 6D70A06CD1339E0B78C6B89C /* Pods-GlueUp.release.xcconfig */;
			buildSettings = {
				ASSETCATALOG_COMPILER_APPICON_NAME = AppIcon;
				ASSETCATALOG_COMPILER_GLOBAL_ACCENT_COLOR_NAME = AccentColor;
				CODE_SIGN_STYLE = Automatic;
				CURRENT_PROJECT_VERSION = 1;
				GENERATE_INFOPLIST_FILE = YES;
				INFOPLIST_FILE = "GlueUp/Supporting Files/Info.plist";
				INFOPLIST_KEY_UIApplicationSupportsIndirectInputEvents = YES;
				INFOPLIST_KEY_UILaunchStoryboardName = LaunchScreen;
				INFOPLIST_KEY_UISupportedInterfaceOrientations = UIInterfaceOrientationPortrait;
				IPHONEOS_DEPLOYMENT_TARGET = 15.0;
				LD_RUNPATH_SEARCH_PATHS = (
					"$(inherited)",
					"@executable_path/Frameworks",
				);
				MARKETING_VERSION = 1.0;
				PRODUCT_BUNDLE_IDENTIFIER = com.okoval.GlueUp;
				PRODUCT_NAME = "$(TARGET_NAME)";
				SUPPORTED_PLATFORMS = "iphoneos iphonesimulator";
				SUPPORTS_MACCATALYST = NO;
				SUPPORTS_MAC_DESIGNED_FOR_IPHONE_IPAD = NO;
				SWIFT_EMIT_LOC_STRINGS = YES;
				SWIFT_VERSION = 5.0;
				TARGETED_DEVICE_FAMILY = 1;
			};
			name = Release;
		};
		4EE17C1F28CA589100F3DE0B /* Debug */ = {
			isa = XCBuildConfiguration;
			buildSettings = {
				ALWAYS_EMBED_SWIFT_STANDARD_LIBRARIES = YES;
				BUNDLE_LOADER = "$(TEST_HOST)";
				CODE_SIGN_STYLE = Automatic;
				CURRENT_PROJECT_VERSION = 1;
				GENERATE_INFOPLIST_FILE = YES;
				IPHONEOS_DEPLOYMENT_TARGET = 15.4;
				MARKETING_VERSION = 1.0;
				PRODUCT_BUNDLE_IDENTIFIER = com.okoval.GlueUpTests;
				PRODUCT_NAME = "$(TARGET_NAME)";
				SWIFT_EMIT_LOC_STRINGS = NO;
				SWIFT_VERSION = 5.0;
				TARGETED_DEVICE_FAMILY = "1,2";
				TEST_HOST = "$(BUILT_PRODUCTS_DIR)/GlueUp.app/GlueUp";
			};
			name = Debug;
		};
		4EE17C2028CA589100F3DE0B /* Release */ = {
			isa = XCBuildConfiguration;
			buildSettings = {
				ALWAYS_EMBED_SWIFT_STANDARD_LIBRARIES = YES;
				BUNDLE_LOADER = "$(TEST_HOST)";
				CODE_SIGN_STYLE = Automatic;
				CURRENT_PROJECT_VERSION = 1;
				GENERATE_INFOPLIST_FILE = YES;
				IPHONEOS_DEPLOYMENT_TARGET = 15.4;
				MARKETING_VERSION = 1.0;
				PRODUCT_BUNDLE_IDENTIFIER = com.okoval.GlueUpTests;
				PRODUCT_NAME = "$(TARGET_NAME)";
				SWIFT_EMIT_LOC_STRINGS = NO;
				SWIFT_VERSION = 5.0;
				TARGETED_DEVICE_FAMILY = "1,2";
				TEST_HOST = "$(BUILT_PRODUCTS_DIR)/GlueUp.app/GlueUp";
			};
			name = Release;
		};
/* End XCBuildConfiguration section */

/* Begin XCConfigurationList section */
		4EE17BE928CA589000F3DE0B /* Build configuration list for PBXProject "GlueUp" */ = {
			isa = XCConfigurationList;
			buildConfigurations = (
				4EE17C1928CA589100F3DE0B /* Debug */,
				4EE17C1A28CA589100F3DE0B /* Release */,
			);
			defaultConfigurationIsVisible = 0;
			defaultConfigurationName = Release;
		};
		4EE17C1B28CA589100F3DE0B /* Build configuration list for PBXNativeTarget "GlueUp" */ = {
			isa = XCConfigurationList;
			buildConfigurations = (
				4EE17C1C28CA589100F3DE0B /* Debug */,
				4EE17C1D28CA589100F3DE0B /* Release */,
			);
			defaultConfigurationIsVisible = 0;
			defaultConfigurationName = Release;
		};
		4EE17C1E28CA589100F3DE0B /* Build configuration list for PBXNativeTarget "GlueUpTests" */ = {
			isa = XCConfigurationList;
			buildConfigurations = (
				4EE17C1F28CA589100F3DE0B /* Debug */,
				4EE17C2028CA589100F3DE0B /* Release */,
			);
			defaultConfigurationIsVisible = 0;
			defaultConfigurationName = Release;
		};
/* End XCConfigurationList section */

/* Begin XCVersionGroup section */
		4EE17C2528CA732300F3DE0B /* GlueUp.xcdatamodeld */ = {
			isa = XCVersionGroup;
			children = (
				4EE17C2628CA732300F3DE0B /* GlueUp.xcdatamodel */,
			);
			currentVersion = 4EE17C2628CA732300F3DE0B /* GlueUp.xcdatamodel */;
			path = GlueUp.xcdatamodeld;
			sourceTree = "<group>";
			versionGroupType = wrapper.xcdatamodel;
		};
/* End XCVersionGroup section */
	};
	rootObject = 4EE17BE628CA589000F3DE0B /* Project object */;
}
